schema: '2.0'
stages:
  prepare_data:
    cmd: python src/prepare_data.py
    deps:
    - path: data/raw
      hash: md5
      md5: fb28ce2d4c52a54f70e7ed74a8f74b75.dir
      size: 198473618
      nfiles: 369977
    - path: src/prepare_data.py
      hash: md5
      md5: 561bb36df399bed0ca9f316056472c48
      size: 3651
    outs:
    - path: data/train
      hash: md5
      md5: 2d86a84866e0872634149dc4bb0234cd.dir
      size: 2127873
      nfiles: 4000
    - path: data/validation
      hash: md5
      md5: 9ba26cb3baa749211823d9b3bdd346ce.dir
      size: 1138886
      nfiles: 2108
