schema: '2.0'
stages:
  prepare_data:
    cmd: python src/prepare_data.py
    deps:
    - path: data/raw
      hash: md5
      md5: cfa6ff343eea4089ad09d21def784cd0.dir
      size: 197850904
      nfiles: 368844
    - path: src/prepare_data.py
      hash: md5
      md5: 1a5737ee9b3ebab376650d6fa98c3cfd
      size: 3629
    outs:
    - path: data/train
      hash: md5
      md5: 614c191faf2e30b8d29e656ccfa2cd72.dir
      size: 533102
      nfiles: 1008
    - path: data/validation
      hash: md5
      md5: 07b28dab19323c89d2defc307751d69f.dir
      size: 309483
      nfiles: 568
